
Microsoft Visual Studio Solution File, Format Version 12.00
Project("{FAE04EC0-301F-11D3-BF4B-00C04F79EFBC}") = "Backend.Api", "Backend.Api\Backend.Api.csproj", "{DEDB4DEB-8F88-42CB-8155-23A00119EF85}"
EndProject
Project("{FAE04EC0-301F-11D3-BF4B-00C04F79EFBC}") = "Backend.Core", "Backend.Core\Backend.Core.csproj", "{869C5225-F2C2-4C75-B87D-0E229D83D12B}"
EndProject
Global
	GlobalSection(SolutionConfigurationPlatforms) = preSolution
		Debug|Any CPU = Debug|Any CPU
		Release|Any CPU = Release|Any CPU
	EndGlobalSection
	GlobalSection(ProjectConfigurationPlatforms) = postSolution
		{DEDB4DEB-8F88-42CB-8155-23A00119EF85}.Debug|Any CPU.ActiveCfg = Debug|Any CPU
		{DEDB4DEB-8F88-42CB-8155-23A00119EF85}.Debug|Any CPU.Build.0 = Debug|Any CPU
		{DEDB4DEB-8F88-42CB-8155-23A00119EF85}.Release|Any CPU.ActiveCfg = Release|Any CPU
		{DEDB4DEB-8F88-42CB-8155-23A00119EF85}.Release|Any CPU.Build.0 = Release|Any CPU
		{869C5225-F2C2-4C75-B87D-0E229D83D12B}.Debug|Any CPU.ActiveCfg = Debug|Any CPU
		{869C5225-F2C2-4C75-B87D-0E229D83D12B}.Debug|Any CPU.Build.0 = Debug|Any CPU
		{869C5225-F2C2-4C75-B87D-0E229D83D12B}.Release|Any CPU.ActiveCfg = Release|Any CPU
		{869C5225-F2C2-4C75-B87D-0E229D83D12B}.Release|Any CPU.Build.0 = Release|Any CPU
	EndGlobalSection
EndGlobal
