
Microsoft Visual Studio Solution File, Format Version 12.00
Project("{FAE04EC0-301F-11D3-BF4B-00C04F79EFBC}") = "Server.Api", "Server.Api\Server.Api.csproj", "{9765C691-771A-4DC6-8B23-D97F957B8EF0}"
EndProject
Project("{FAE04EC0-301F-11D3-BF4B-00C04F79EFBC}") = "Server.Core", "Server.Core\Server.Core.csproj", "{F2B2E517-FFF0-4A4C-B864-4C651DEF9D75}"
EndProject
Global
	GlobalSection(SolutionConfigurationPlatforms) = preSolution
		Debug|Any CPU = Debug|Any CPU
		Release|Any CPU = Release|Any CPU
	EndGlobalSection
	GlobalSection(ProjectConfigurationPlatforms) = postSolution
		{9765C691-771A-4DC6-8B23-D97F957B8EF0}.Debug|Any CPU.ActiveCfg = Debug|Any CPU
		{9765C691-771A-4DC6-8B23-D97F957B8EF0}.Debug|Any CPU.Build.0 = Debug|Any CPU
		{9765C691-771A-4DC6-8B23-D97F957B8EF0}.Release|Any CPU.ActiveCfg = Release|Any CPU
		{9765C691-771A-4DC6-8B23-D97F957B8EF0}.Release|Any CPU.Build.0 = Release|Any CPU
		{F2B2E517-FFF0-4A4C-B864-4C651DEF9D75}.Debug|Any CPU.ActiveCfg = Debug|Any CPU
		{F2B2E517-FFF0-4A4C-B864-4C651DEF9D75}.Debug|Any CPU.Build.0 = Debug|Any CPU
		{F2B2E517-FFF0-4A4C-B864-4C651DEF9D75}.Release|Any CPU.ActiveCfg = Release|Any CPU
		{F2B2E517-FFF0-4A4C-B864-4C651DEF9D75}.Release|Any CPU.Build.0 = Release|Any CPU
	EndGlobalSection
EndGlobal
